// !$*UTF8*$!
{
	archiveVersion = 1;
	classes = {
	};
	objectVersion = 55;
	objects = {

/* Begin PBXBuildFile section */
		261A739328D1FBD20099F37D /* AppDelegate.swift in Sources */ = {isa = PBXBuildFile; fileRef = 261A739228D1FBD20099F37D /* AppDelegate.swift */; };
		261A739528D1FBD20099F37D /* SceneDelegate.swift in Sources */ = {isa = PBXBuildFile; fileRef = 261A739428D1FBD20099F37D /* SceneDelegate.swift */; };
		261A739728D1FBD20099F37D /* ViewController.swift in Sources */ = {isa = PBXBuildFile; fileRef = 261A739628D1FBD20099F37D /* ViewController.swift */; };
		261A739A28D1FBD20099F37D /* Main.storyboard in Resources */ = {isa = PBXBuildFile; fileRef = 261A739828D1FBD20099F37D /* Main.storyboard */; };
		261A739C28D1FBD40099F37D /* Assets.xcassets in Resources */ = {isa = PBXBuildFile; fileRef = 261A739B28D1FBD40099F37D /* Assets.xcassets */; };
		261A739F28D1FBD40099F37D /* LaunchScreen.storyboard in Resources */ = {isa = PBXBuildFile; fileRef = 261A739D28D1FBD40099F37D /* LaunchScreen.storyboard */; };
		261A73AA28D1FBD40099F37D /* AdXTests.swift in Sources */ = {isa = PBXBuildFile; fileRef = 261A73A928D1FBD40099F37D /* AdXTests.swift */; };
		261A73B428D1FBD40099F37D /* AdXUITests.swift in Sources */ = {isa = PBXBuildFile; fileRef = 261A73B328D1FBD40099F37D /* AdXUITests.swift */; };
		261A73B628D1FBD40099F37D /* AdXUITestsLaunchTests.swift in Sources */ = {isa = PBXBuildFile; fileRef = 261A73B528D1FBD40099F37D /* AdXUITestsLaunchTests.swift */; };
/* End PBXBuildFile section */

/* Begin PBXContainerItemProxy section */
		261A73A628D1FBD40099F37D /* PBXContainerItemProxy */ = {
			isa = PBXContainerItemProxy;
			containerPortal = 261A738728D1FBD20099F37D /* Project object */;
			proxyType = 1;
			remoteGlobalIDString = 261A738E28D1FBD20099F37D;
			remoteInfo = AdX;
		};
		261A73B028D1FBD40099F37D /* PBXContainerItemProxy */ = {
			isa = PBXContainerItemProxy;
			containerPortal = 261A738728D1FBD20099F37D /* Project object */;
			proxyType = 1;
			remoteGlobalIDString = 261A738E28D1FBD20099F37D;
			remoteInfo = AdX;
		};
/* End PBXContainerItemProxy section */

/* Begin PBXFileReference section */
		261A738F28D1FBD20099F37D /* AdX.app */ = {isa = PBXFileReference; explicitFileType = wrapper.application; includeInIndex = 0; path = AdX.app; sourceTree = BUILT_PRODUCTS_DIR; };
		261A739228D1FBD20099F37D /* AppDelegate.swift */ = {isa = PBXFileReference; lastKnownFileType = sourcecode.swift; path = AppDelegate.swift; sourceTree = "<group>"; };
		261A739428D1FBD20099F37D /* SceneDelegate.swift */ = {isa = PBXFileReference; lastKnownFileType = sourcecode.swift; path = SceneDelegate.swift; sourceTree = "<group>"; };
		261A739628D1FBD20099F37D /* ViewController.swift */ = {isa = PBXFileReference; lastKnownFileType = sourcecode.swift; path = ViewController.swift; sourceTree = "<group>"; };
		261A739928D1FBD20099F37D /* Base */ = {isa = PBXFileReference; lastKnownFileType = file.storyboard; name = Base; path = Base.lproj/Main.storyboard; sourceTree = "<group>"; };
		261A739B28D1FBD40099F37D /* Assets.xcassets */ = {isa = PBXFileReference; lastKnownFileType = folder.assetcatalog; path = Assets.xcassets; sourceTree = "<group>"; };
		261A739E28D1FBD40099F37D /* Base */ = {isa = PBXFileReference; lastKnownFileType = file.storyboard; name = Base; path = Base.lproj/LaunchScreen.storyboard; sourceTree = "<group>"; };
		261A73A028D1FBD40099F37D /* Info.plist */ = {isa = PBXFileReference; lastKnownFileType = text.plist.xml; path = Info.plist; sourceTree = "<group>"; };
		261A73A528D1FBD40099F37D /* AdXTests.xctest */ = {isa = PBXFileReference; explicitFileType = wrapper.cfbundle; includeInIndex = 0; path = AdXTests.xctest; sourceTree = BUILT_PRODUCTS_DIR; };
		261A73A928D1FBD40099F37D /* AdXTests.swift */ = {isa = PBXFileReference; lastKnownFileType = sourcecode.swift; path = AdXTests.swift; sourceTree = "<group>"; };
		261A73AF28D1FBD40099F37D /* AdXUITests.xctest */ = {isa = PBXFileReference; explicitFileType = wrapper.cfbundle; includeInIndex = 0; path = AdXUITests.xctest; sourceTree = BUILT_PRODUCTS_DIR; };
		261A73B328D1FBD40099F37D /* AdXUITests.swift */ = {isa = PBXFileReference; lastKnownFileType = sourcecode.swift; path = AdXUITests.swift; sourceTree = "<group>"; };
		261A73B528D1FBD40099F37D /* AdXUITestsLaunchTests.swift */ = {isa = PBXFileReference; lastKnownFileType = sourcecode.swift; path = AdXUITestsLaunchTests.swift; sourceTree = "<group>"; };
/* End PBXFileReference section */

/* Begin PBXFrameworksBuildPhase section */
		261A738C28D1FBD20099F37D /* Frameworks */ = {
			isa = PBXFrameworksBuildPhase;
			buildActionMask = 2147483647;
			files = (
			);
			runOnlyForDeploymentPostprocessing = 0;
		};
		261A73A228D1FBD40099F37D /* Frameworks */ = {
			isa = PBXFrameworksBuildPhase;
			buildActionMask = 2147483647;
			files = (
			);
			runOnlyForDeploymentPostprocessing = 0;
		};
		261A73AC28D1FBD40099F37D /* Frameworks */ = {
			isa = PBXFrameworksBuildPhase;
			buildActionMask = 2147483647;
			files = (
			);
			runOnlyForDeploymentPostprocessing = 0;
		};
/* End PBXFrameworksBuildPhase section */

/* Begin PBXGroup section */
		261A738628D1FBD20099F37D = {
			isa = PBXGroup;
			children = (
				261A739128D1FBD20099F37D /* AdX */,
				261A73A828D1FBD40099F37D /* AdXTests */,
				261A73B228D1FBD40099F37D /* AdXUITests */,
				261A739028D1FBD20099F37D /* Products */,
			);
			sourceTree = "<group>";
		};
		261A739028D1FBD20099F37D /* Products */ = {
			isa = PBXGroup;
			children = (
				261A738F28D1FBD20099F37D /* AdX.app */,
				261A73A528D1FBD40099F37D /* AdXTests.xctest */,
				261A73AF28D1FBD40099F37D /* AdXUITests.xctest */,
			);
			name = Products;
			sourceTree = "<group>";
		};
		261A739128D1FBD20099F37D /* AdX */ = {
			isa = PBXGroup;
			children = (
				261A739228D1FBD20099F37D /* AppDelegate.swift */,
				261A739428D1FBD20099F37D /* SceneDelegate.swift */,
				261A739628D1FBD20099F37D /* ViewController.swift */,
				261A739828D1FBD20099F37D /* Main.storyboard */,
				261A739B28D1FBD40099F37D /* Assets.xcassets */,
				261A739D28D1FBD40099F37D /* LaunchScreen.storyboard */,
				261A73A028D1FBD40099F37D /* Info.plist */,
			);
			path = AdX;
			sourceTree = "<group>";
		};
		261A73A828D1FBD40099F37D /* AdXTests */ = {
			isa = PBXGroup;
			children = (
				261A73A928D1FBD40099F37D /* AdXTests.swift */,
			);
			path = AdXTests;
			sourceTree = "<group>";
		};
		261A73B228D1FBD40099F37D /* AdXUITests */ = {
			isa = PBXGroup;
			children = (
				261A73B328D1FBD40099F37D /* AdXUITests.swift */,
				261A73B528D1FBD40099F37D /* AdXUITestsLaunchTests.swift */,
			);
			path = AdXUITests;
			sourceTree = "<group>";
		};
/* End PBXGroup section */

/* Begin PBXNativeTarget section */
		261A738E28D1FBD20099F37D /* AdX */ = {
			isa = PBXNativeTarget;
			buildConfigurationList = 261A73B928D1FBD40099F37D /* Build configuration list for PBXNativeTarget "AdX" */;
			buildPhases = (
				261A738B28D1FBD20099F37D /* Sources */,
				261A738C28D1FBD20099F37D /* Frameworks */,
				261A738D28D1FBD20099F37D /* Resources */,
			);
			buildRules = (
			);
			dependencies = (
			);
			name = AdX;
			productName = AdX;
			productReference = 261A738F28D1FBD20099F37D /* AdX.app */;
			productType = "com.apple.product-type.application";
		};
		261A73A428D1FBD40099F37D /* AdXTests */ = {
			isa = PBXNativeTarget;
			buildConfigurationList = 261A73BC28D1FBD40099F37D /* Build configuration list for PBXNativeTarget "AdXTests" */;
			buildPhases = (
				261A73A128D1FBD40099F37D /* Sources */,
				261A73A228D1FBD40099F37D /* Frameworks */,
				261A73A328D1FBD40099F37D /* Resources */,
			);
			buildRules = (
			);
			dependencies = (
				261A73A728D1FBD40099F37D /* PBXTargetDependency */,
			);
			name = AdXTests;
			productName = AdXTests;
			productReference = 261A73A528D1FBD40099F37D /* AdXTests.xctest */;
			productType = "com.apple.product-type.bundle.unit-test";
		};
		261A73AE28D1FBD40099F37D /* AdXUITests */ = {
			isa = PBXNativeTarget;
			buildConfigurationList = 261A73BF28D1FBD40099F37D /* Build configuration list for PBXNativeTarget "AdXUITests" */;
			buildPhases = (
				261A73AB28D1FBD40099F37D /* Sources */,
				261A73AC28D1FBD40099F37D /* Frameworks */,
				261A73AD28D1FBD40099F37D /* Resources */,
			);
			buildRules = (
			);
			dependencies = (
				261A73B128D1FBD40099F37D /* PBXTargetDependency */,
			);
			name = AdXUITests;
			productName = AdXUITests;
			productReference = 261A73AF28D1FBD40099F37D /* AdXUITests.xctest */;
			productType = "com.apple.product-type.bundle.ui-testing";
		};
/* End PBXNativeTarget section */

/* Begin PBXProject section */
		261A738728D1FBD20099F37D /* Project object */ = {
			isa = PBXProject;
			attributes = {
				BuildIndependentTargetsInParallel = 1;
				LastSwiftUpdateCheck = 1340;
				LastUpgradeCheck = 1340;
				TargetAttributes = {
					261A738E28D1FBD20099F37D = {
						CreatedOnToolsVersion = 13.4.1;
					};
					261A73A428D1FBD40099F37D = {
						CreatedOnToolsVersion = 13.4.1;
						TestTargetID = 261A738E28D1FBD20099F37D;
					};
					261A73AE28D1FBD40099F37D = {
						CreatedOnToolsVersion = 13.4.1;
						TestTargetID = 261A738E28D1FBD20099F37D;
					};
				};
			};
			buildConfigurationList = 261A738A28D1FBD20099F37D /* Build configuration list for PBXProject "AdX" */;
			compatibilityVersion = "Xcode 13.0";
			developmentRegion = en;
			hasScannedForEncodings = 0;
			knownRegions = (
				en,
				Base,
			);
			mainGroup = 261A738628D1FBD20099F37D;
			productRefGroup = 261A739028D1FBD20099F37D /* Products */;
			projectDirPath = "";
			projectRoot = "";
			targets = (
				261A738E28D1FBD20099F37D /* AdX */,
				261A73A428D1FBD40099F37D /* AdXTests */,
				261A73AE28D1FBD40099F37D /* AdXUITests */,
			);
		};
/* End PBXProject section */

/* Begin PBXResourcesBuildPhase section */
		261A738D28D1FBD20099F37D /* Resources */ = {
			isa = PBXResourcesBuildPhase;
			buildActionMask = 2147483647;
			files = (
				261A739F28D1FBD40099F37D /* LaunchScreen.storyboard in Resources */,
				261A739C28D1FBD40099F37D /* Assets.xcassets in Resources */,
				261A739A28D1FBD20099F37D /* Main.storyboard in Resources */,
			);
			runOnlyForDeploymentPostprocessing = 0;
		};
		261A73A328D1FBD40099F37D /* Resources */ = {
			isa = PBXResourcesBuildPhase;
			buildActionMask = 2147483647;
			files = (
			);
			runOnlyForDeploymentPostprocessing = 0;
		};
		261A73AD28D1FBD40099F37D /* Resources */ = {
			isa = PBXResourcesBuildPhase;
			buildActionMask = 2147483647;
			files = (
			);
			runOnlyForDeploymentPostprocessing = 0;
		};
/* End PBXResourcesBuildPhase section */

/* Begin PBXSourcesBuildPhase section */
		261A738B28D1FBD20099F37D /* Sources */ = {
			isa = PBXSourcesBuildPhase;
			buildActionMask = 2147483647;
			files = (
				261A739728D1FBD20099F37D /* ViewController.swift in Sources */,
				261A739328D1FBD20099F37D /* AppDelegate.swift in Sources */,
				261A739528D1FBD20099F37D /* SceneDelegate.swift in Sources */,
			);
			runOnlyForDeploymentPostprocessing = 0;
		};
		261A73A128D1FBD40099F37D /* Sources */ = {
			isa = PBXSourcesBuildPhase;
			buildActionMask = 2147483647;
			files = (
				261A73AA28D1FBD40099F37D /* AdXTests.swift in Sources */,
			);
			runOnlyForDeploymentPostprocessing = 0;
		};
		261A73AB28D1FBD40099F37D /* Sources */ = {
			isa = PBXSourcesBuildPhase;
			buildActionMask = 2147483647;
			files = (
				261A73B628D1FBD40099F37D /* AdXUITestsLaunchTests.swift in Sources */,
				261A73B428D1FBD40099F37D /* AdXUITests.swift in Sources */,
			);
			runOnlyForDeploymentPostprocessing = 0;
		};
/* End PBXSourcesBuildPhase section */

/* Begin PBXTargetDependency section */
		261A73A728D1FBD40099F37D /* PBXTargetDependency */ = {
			isa = PBXTargetDependency;
			target = 261A738E28D1FBD20099F37D /* AdX */;
			targetProxy = 261A73A628D1FBD40099F37D /* PBXContainerItemProxy */;
		};
		261A73B128D1FBD40099F37D /* PBXTargetDependency */ = {
			isa = PBXTargetDependency;
			target = 261A738E28D1FBD20099F37D /* AdX */;
			targetProxy = 261A73B028D1FBD40099F37D /* PBXContainerItemProxy */;
		};
/* End PBXTargetDependency section */

/* Begin PBXVariantGroup section */
		261A739828D1FBD20099F37D /* Main.storyboard */ = {
			isa = PBXVariantGroup;
			children = (
				261A739928D1FBD20099F37D /* Base */,
			);
			name = Main.storyboard;
			sourceTree = "<group>";
		};
		261A739D28D1FBD40099F37D /* LaunchScreen.storyboard */ = {
			isa = PBXVariantGroup;
			children = (
				261A739E28D1FBD40099F37D /* Base */,
			);
			name = LaunchScreen.storyboard;
			sourceTree = "<group>";
		};
/* End PBXVariantGroup section */

/* Begin XCBuildConfiguration section */
		261A73B728D1FBD40099F37D /* Debug */ = {
			isa = XCBuildConfiguration;
			buildSettings = {
				ALWAYS_SEARCH_USER_PATHS = NO;
				CLANG_ANALYZER_NONNULL = YES;
				CLANG_ANALYZER_NUMBER_OBJECT_CONVERSION = YES_AGGRESSIVE;
				CLANG_CXX_LANGUAGE_STANDARD = "gnu++17";
				CLANG_ENABLE_MODULES = YES;
				CLANG_ENABLE_OBJC_ARC = YES;
				CLANG_ENABLE_OBJC_WEAK = YES;
				CLANG_WARN_BLOCK_CAPTURE_AUTORELEASING = YES;
				CLANG_WARN_BOOL_CONVERSION = YES;
				CLANG_WARN_COMMA = YES;
				CLANG_WARN_CONSTANT_CONVERSION = YES;
				CLANG_WARN_DEPRECATED_OBJC_IMPLEMENTATIONS = YES;
				CLANG_WARN_DIRECT_OBJC_ISA_USAGE = YES_ERROR;
				CLANG_WARN_DOCUMENTATION_COMMENTS = YES;
				CLANG_WARN_EMPTY_BODY = YES;
				CLANG_WARN_ENUM_CONVERSION = YES;
				CLANG_WARN_INFINITE_RECURSION = YES;
				CLANG_WARN_INT_CONVERSION = YES;
				CLANG_WARN_NON_LITERAL_NULL_CONVERSION = YES;
				CLANG_WARN_OBJC_IMPLICIT_RETAIN_SELF = YES;
				CLANG_WARN_OBJC_LITERAL_CONVERSION = YES;
				CLANG_WARN_OBJC_ROOT_CLASS = YES_ERROR;
				CLANG_WARN_QUOTED_INCLUDE_IN_FRAMEWORK_HEADER = YES;
				CLANG_WARN_RANGE_LOOP_ANALYSIS = YES;
				CLANG_WARN_STRICT_PROTOTYPES = YES;
				CLANG_WARN_SUSPICIOUS_MOVE = YES;
				CLANG_WARN_UNGUARDED_AVAILABILITY = YES_AGGRESSIVE;
				CLANG_WARN_UNREACHABLE_CODE = YES;
				CLANG_WARN__DUPLICATE_METHOD_MATCH = YES;
				COPY_PHASE_STRIP = NO;
				DEBUG_INFORMATION_FORMAT = dwarf;
				ENABLE_STRICT_OBJC_MSGSEND = YES;
				ENABLE_TESTABILITY = YES;
				GCC_C_LANGUAGE_STANDARD = gnu11;
				GCC_DYNAMIC_NO_PIC = NO;
				GCC_NO_COMMON_BLOCKS = YES;
				GCC_OPTIMIZATION_LEVEL = 0;
				GCC_PREPROCESSOR_DEFINITIONS = (
					"DEBUG=1",
					"$(inherited)",
				);
				GCC_WARN_64_TO_32_BIT_CONVERSION = YES;
				GCC_WARN_ABOUT_RETURN_TYPE = YES_ERROR;
				GCC_WARN_UNDECLARED_SELECTOR = YES;
				GCC_WARN_UNINITIALIZED_AUTOS = YES_AGGRESSIVE;
				GCC_WARN_UNUSED_FUNCTION = YES;
				GCC_WARN_UNUSED_VARIABLE = YES;
				IPHONEOS_DEPLOYMENT_TARGET = 15.5;
				MTL_ENABLE_DEBUG_INFO = INCLUDE_SOURCE;
				MTL_FAST_MATH = YES;
				ONLY_ACTIVE_ARCH = YES;
				SDKROOT = iphoneos;
				SWIFT_ACTIVE_COMPILATION_CONDITIONS = DEBUG;
				SWIFT_OPTIMIZATION_LEVEL = "-Onone";
			};
			name = Debug;
		};
		261A73B828D1FBD40099F37D /* Release */ = {
			isa = XCBuildConfiguration;
			buildSettings = {
				ALWAYS_SEARCH_USER_PATHS = NO;
				CLANG_ANALYZER_NONNULL = YES;
				CLANG_ANALYZER_NUMBER_OBJECT_CONVERSION = YES_AGGRESSIVE;
				CLANG_CXX_LANGUAGE_STANDARD = "gnu++17";
				CLANG_ENABLE_MODULES = YES;
				CLANG_ENABLE_OBJC_ARC = YES;
				CLANG_ENABLE_OBJC_WEAK = YES;
				CLANG_WARN_BLOCK_CAPTURE_AUTORELEASING = YES;
				CLANG_WARN_BOOL_CONVERSION = YES;
				CLANG_WARN_COMMA = YES;
				CLANG_WARN_CONSTANT_CONVERSION = YES;
				CLANG_WARN_DEPRECATED_OBJC_IMPLEMENTATIONS = YES;
				CLANG_WARN_DIRECT_OBJC_ISA_USAGE = YES_ERROR;
				CLANG_WARN_DOCUMENTATION_COMMENTS = YES;
				CLANG_WARN_EMPTY_BODY = YES;
				CLANG_WARN_ENUM_CONVERSION = YES;
				CLANG_WARN_INFINITE_RECURSION = YES;
				CLANG_WARN_INT_CONVERSION = YES;
				CLANG_WARN_NON_LITERAL_NULL_CONVERSION = YES;
				CLANG_WARN_OBJC_IMPLICIT_RETAIN_SELF = YES;
				CLANG_WARN_OBJC_LITERAL_CONVERSION = YES;
				CLANG_WARN_OBJC_ROOT_CLASS = YES_ERROR;
				CLANG_WARN_QUOTED_INCLUDE_IN_FRAMEWORK_HEADER = YES;
				CLANG_WARN_RANGE_LOOP_ANALYSIS = YES;
				CLANG_WARN_STRICT_PROTOTYPES = YES;
				CLANG_WARN_SUSPICIOUS_MOVE = YES;
				CLANG_WARN_UNGUARDED_AVAILABILITY = YES_AGGRESSIVE;
				CLANG_WARN_UNREACHABLE_CODE = YES;
				CLANG_WARN__DUPLICATE_METHOD_MATCH = YES;
				COPY_PHASE_STRIP = NO;
				DEBUG_INFORMATION_FORMAT = "dwarf-with-dsym";
				ENABLE_NS_ASSERTIONS = NO;
				ENABLE_STRICT_OBJC_MSGSEND = YES;
				GCC_C_LANGUAGE_STANDARD = gnu11;
				GCC_NO_COMMON_BLOCKS = YES;
				GCC_WARN_64_TO_32_BIT_CONVERSION = YES;
				GCC_WARN_ABOUT_RETURN_TYPE = YES_ERROR;
				GCC_WARN_UNDECLARED_SELECTOR = YES;
				GCC_WARN_UNINITIALIZED_AUTOS = YES_AGGRESSIVE;
				GCC_WARN_UNUSED_FUNCTION = YES;
				GCC_WARN_UNUSED_VARIABLE = YES;
				IPHONEOS_DEPLOYMENT_TARGET = 15.5;
				MTL_ENABLE_DEBUG_INFO = NO;
				MTL_FAST_MATH = YES;
				SDKROOT = iphoneos;
				SWIFT_COMPILATION_MODE = wholemodule;
				SWIFT_OPTIMIZATION_LEVEL = "-O";
				VALIDATE_PRODUCT = YES;
			};
			name = Release;
		};
		261A73BA28D1FBD40099F37D /* Debug */ = {
			isa = XCBuildConfiguration;
			buildSettings = {
				ASSETCATALOG_COMPILER_APPICON_NAME = AppIcon;
				ASSETCATALOG_COMPILER_GLOBAL_ACCENT_COLOR_NAME = AccentColor;
				CODE_SIGN_STYLE = Automatic;
				CURRENT_PROJECT_VERSION = 1;
				GENERATE_INFOPLIST_FILE = YES;
				INFOPLIST_FILE = AdX/Info.plist;
				INFOPLIST_KEY_UIApplicationSupportsIndirectInputEvents = YES;
				INFOPLIST_KEY_UILaunchStoryboardName = LaunchScreen;
				INFOPLIST_KEY_UIMainStoryboardFile = Main;
				INFOPLIST_KEY_UISupportedInterfaceOrientations_iPad = "UIInterfaceOrientationPortrait UIInterfaceOrientationPortraitUpsideDown UIInterfaceOrientationLandscapeLeft UIInterfaceOrientationLandscapeRight";
				INFOPLIST_KEY_UISupportedInterfaceOrientations_iPhone = "UIInterfaceOrientationPortrait UIInterfaceOrientationLandscapeLeft UIInterfaceOrientationLandscapeRight";
				LD_RUNPATH_SEARCH_PATHS = (
					"$(inherited)",
					"@executable_path/Frameworks",
				);
				MARKETING_VERSION = 1.0;
				PRODUCT_BUNDLE_IDENTIFIER = com.creativegames.AdX;
				PRODUCT_NAME = "$(TARGET_NAME)";
				SWIFT_EMIT_LOC_STRINGS = YES;
				SWIFT_VERSION = 5.0;
				TARGETED_DEVICE_FAMILY = "1,2";
			};
			name = Debug;
		};
		261A73BB28D1FBD40099F37D /* Release */ = {
			isa = XCBuildConfiguration;
			buildSettings = {
				ASSETCATALOG_COMPILER_APPICON_NAME = AppIcon;
				ASSETCATALOG_COMPILER_GLOBAL_ACCENT_COLOR_NAME = AccentColor;
				CODE_SIGN_STYLE = Automatic;
				CURRENT_PROJECT_VERSION = 1;
				GENERATE_INFOPLIST_FILE = YES;
				INFOPLIST_FILE = AdX/Info.plist;
				INFOPLIST_KEY_UIApplicationSupportsIndirectInputEvents = YES;
				INFOPLIST_KEY_UILaunchStoryboardName = LaunchScreen;
				INFOPLIST_KEY_UIMainStoryboardFile = Main;
				INFOPLIST_KEY_UISupportedInterfaceOrientations_iPad = "UIInterfaceOrientationPortrait UIInterfaceOrientationPortraitUpsideDown UIInterfaceOrientationLandscapeLeft UIInterfaceOrientationLandscapeRight";
				INFOPLIST_KEY_UISupportedInterfaceOrientations_iPhone = "UIInterfaceOrientationPortrait UIInterfaceOrientationLandscapeLeft UIInterfaceOrientationLandscapeRight";
				LD_RUNPATH_SEARCH_PATHS = (
					"$(inherited)",
					"@executable_path/Frameworks",
				);
				MARKETING_VERSION = 1.0;
				PRODUCT_BUNDLE_IDENTIFIER = com.creativegames.AdX;
				PRODUCT_NAME = "$(TARGET_NAME)";
				SWIFT_EMIT_LOC_STRINGS = YES;
				SWIFT_VERSION = 5.0;
				TARGETED_DEVICE_FAMILY = "1,2";
			};
			name = Release;
		};
		261A73BD28D1FBD40099F37D /* Debug */ = {
			isa = XCBuildConfiguration;
			buildSettings = {
				ALWAYS_EMBED_SWIFT_STANDARD_LIBRARIES = YES;
				BUNDLE_LOADER = "$(TEST_HOST)";
				CODE_SIGN_STYLE = Automatic;
				CURRENT_PROJECT_VERSION = 1;
				GENERATE_INFOPLIST_FILE = YES;
				IPHONEOS_DEPLOYMENT_TARGET = 15.5;
				MARKETING_VERSION = 1.0;
				PRODUCT_BUNDLE_IDENTIFIER = com.creativegames.AdXTests;
				PRODUCT_NAME = "$(TARGET_NAME)";
				SWIFT_EMIT_LOC_STRINGS = NO;
				SWIFT_VERSION = 5.0;
				TARGETED_DEVICE_FAMILY = "1,2";
				TEST_HOST = "$(BUILT_PRODUCTS_DIR)/AdX.app/AdX";
			};
			name = Debug;
		};
		261A73BE28D1FBD40099F37D /* Release */ = {
			isa = XCBuildConfiguration;
			buildSettings = {
				ALWAYS_EMBED_SWIFT_STANDARD_LIBRARIES = YES;
				BUNDLE_LOADER = "$(TEST_HOST)";
				CODE_SIGN_STYLE = Automatic;
				CURRENT_PROJECT_VERSION = 1;
				GENERATE_INFOPLIST_FILE = YES;
				IPHONEOS_DEPLOYMENT_TARGET = 15.5;
				MARKETING_VERSION = 1.0;
				PRODUCT_BUNDLE_IDENTIFIER = com.creativegames.AdXTests;
				PRODUCT_NAME = "$(TARGET_NAME)";
				SWIFT_EMIT_LOC_STRINGS = NO;
				SWIFT_VERSION = 5.0;
				TARGETED_DEVICE_FAMILY = "1,2";
				TEST_HOST = "$(BUILT_PRODUCTS_DIR)/AdX.app/AdX";
			};
			name = Release;
		};
		261A73C028D1FBD40099F37D /* Debug */ = {
			isa = XCBuildConfiguration;
			buildSettings = {
				ALWAYS_EMBED_SWIFT_STANDARD_LIBRARIES = YES;
				CODE_SIGN_STYLE = Automatic;
				CURRENT_PROJECT_VERSION = 1;
				GENERATE_INFOPLIST_FILE = YES;
				MARKETING_VERSION = 1.0;
				PRODUCT_BUNDLE_IDENTIFIER = com.creativegames.AdXUITests;
				PRODUCT_NAME = "$(TARGET_NAME)";
				SWIFT_EMIT_LOC_STRINGS = NO;
				SWIFT_VERSION = 5.0;
				TARGETED_DEVICE_FAMILY = "1,2";
				TEST_TARGET_NAME = AdX;
			};
			name = Debug;
		};
		261A73C128D1FBD40099F37D /* Release */ = {
			isa = XCBuildConfiguration;
			buildSettings = {
				ALWAYS_EMBED_SWIFT_STANDARD_LIBRARIES = YES;
				CODE_SIGN_STYLE = Automatic;
				CURRENT_PROJECT_VERSION = 1;
				GENERATE_INFOPLIST_FILE = YES;
				MARKETING_VERSION = 1.0;
				PRODUCT_BUNDLE_IDENTIFIER = com.creativegames.AdXUITests;
				PRODUCT_NAME = "$(TARGET_NAME)";
				SWIFT_EMIT_LOC_STRINGS = NO;
				SWIFT_VERSION = 5.0;
				TARGETED_DEVICE_FAMILY = "1,2";
				TEST_TARGET_NAME = AdX;
			};
			name = Release;
		};
/* End XCBuildConfiguration section */

/* Begin XCConfigurationList section */
		261A738A28D1FBD20099F37D /* Build configuration list for PBXProject "AdX" */ = {
			isa = XCConfigurationList;
			buildConfigurations = (
				261A73B728D1FBD40099F37D /* Debug */,
				261A73B828D1FBD40099F37D /* Release */,
			);
			defaultConfigurationIsVisible = 0;
			defaultConfigurationName = Release;
		};
		261A73B928D1FBD40099F37D /* Build configuration list for PBXNativeTarget "AdX" */ = {
			isa = XCConfigurationList;
			buildConfigurations = (
				261A73BA28D1FBD40099F37D /* Debug */,
				261A73BB28D1FBD40099F37D /* Release */,
			);
			defaultConfigurationIsVisible = 0;
			defaultConfigurationName = Release;
		};
		261A73BC28D1FBD40099F37D /* Build configuration list for PBXNativeTarget "AdXTests" */ = {
			isa = XCConfigurationList;
			buildConfigurations = (
				261A73BD28D1FBD40099F37D /* Debug */,
				261A73BE28D1FBD40099F37D /* Release */,
			);
			defaultConfigurationIsVisible = 0;
			defaultConfigurationName = Release;
		};
		261A73BF28D1FBD40099F37D /* Build configuration list for PBXNativeTarget "AdXUITests" */ = {
			isa = XCConfigurationList;
			buildConfigurations = (
				261A73C028D1FBD40099F37D /* Debug */,
				261A73C128D1FBD40099F37D /* Release */,
			);
			defaultConfigurationIsVisible = 0;
			defaultConfigurationName = Release;
		};
/* End XCConfigurationList section */
	};
	rootObject = 261A738728D1FBD20099F37D /* Project object */;
}
