// !$*UTF8*$!
{
	archiveVersion = 1;
	classes = {
	};
	objectVersion = 55;
	objects = {

/* Begin PBXBuildFile section */
		260EA6D928D456DF004344EE /* UIImageView+LoadUrl.swift in Sources */ = {isa = PBXBuildFile; fileRef = 260EA6D828D456DF004344EE /* UIImageView+LoadUrl.swift */; };
		261A739328D1FBD20099F37D /* AppDelegate.swift in Sources */ = {isa = PBXBuildFile; fileRef = 261A739228D1FBD20099F37D /* AppDelegate.swift */; };
		261A739728D1FBD20099F37D /* ListViewController.swift in Sources */ = {isa = PBXBuildFile; fileRef = 261A739628D1FBD20099F37D /* ListViewController.swift */; };
		261A739C28D1FBD40099F37D /* Assets.xcassets in Resources */ = {isa = PBXBuildFile; fileRef = 261A739B28D1FBD40099F37D /* Assets.xcassets */; };
		261A739F28D1FBD40099F37D /* LaunchScreen.storyboard in Resources */ = {isa = PBXBuildFile; fileRef = 261A739D28D1FBD40099F37D /* LaunchScreen.storyboard */; };
		261A73AA28D1FBD40099F37D /* AdXTests.swift in Sources */ = {isa = PBXBuildFile; fileRef = 261A73A928D1FBD40099F37D /* AdXTests.swift */; };
		261A73CA28D2026C0099F37D /* ClassifiedAd.swift in Sources */ = {isa = PBXBuildFile; fileRef = 261A73C928D2026C0099F37D /* ClassifiedAd.swift */; };
		261A73CB28D2026C0099F37D /* ClassifiedAd.swift in Sources */ = {isa = PBXBuildFile; fileRef = 261A73C928D2026C0099F37D /* ClassifiedAd.swift */; };
		261A73CD28D2029D0099F37D /* Category.swift in Sources */ = {isa = PBXBuildFile; fileRef = 261A73CC28D2029D0099F37D /* Category.swift */; };
		261A73CE28D2029D0099F37D /* Category.swift in Sources */ = {isa = PBXBuildFile; fileRef = 261A73CC28D2029D0099F37D /* Category.swift */; };
		261A73D528D204510099F37D /* ImagesUrl.swift in Sources */ = {isa = PBXBuildFile; fileRef = 261A73D428D204510099F37D /* ImagesUrl.swift */; };
		261A73D628D204510099F37D /* ImagesUrl.swift in Sources */ = {isa = PBXBuildFile; fileRef = 261A73D428D204510099F37D /* ImagesUrl.swift */; };
		261A73D928D206DA0099F37D /* UICollectionView+RegisterType.swift in Sources */ = {isa = PBXBuildFile; fileRef = 261A73D828D206DA0099F37D /* UICollectionView+RegisterType.swift */; };
		261A73DD28D207DE0099F37D /* AdCell.swift in Sources */ = {isa = PBXBuildFile; fileRef = 261A73DC28D207DE0099F37D /* AdCell.swift */; };
		261A73DF28D20B4F0099F37D /* Localizable.strings in Resources */ = {isa = PBXBuildFile; fileRef = 261A73DE28D20B4F0099F37D /* Localizable.strings */; };
		261A73E128D20B990099F37D /* String+Localized.swift in Sources */ = {isa = PBXBuildFile; fileRef = 261A73E028D20B990099F37D /* String+Localized.swift */; };
		261A73E328D20BBE0099F37D /* NSObject+ClassName.swift in Sources */ = {isa = PBXBuildFile; fileRef = 261A73E228D20BBE0099F37D /* NSObject+ClassName.swift */; };
		261A73E628D21FAA0099F37D /* AdRepository.swift in Sources */ = {isa = PBXBuildFile; fileRef = 261A73E528D21FAA0099F37D /* AdRepository.swift */; };
		261A73E728D21FAA0099F37D /* AdRepository.swift in Sources */ = {isa = PBXBuildFile; fileRef = 261A73E528D21FAA0099F37D /* AdRepository.swift */; };
		261A73E928D220720099F37D /* HTTPClient.swift in Sources */ = {isa = PBXBuildFile; fileRef = 261A73E828D220720099F37D /* HTTPClient.swift */; };
		261A73EA28D220720099F37D /* HTTPClient.swift in Sources */ = {isa = PBXBuildFile; fileRef = 261A73E828D220720099F37D /* HTTPClient.swift */; };
		261A73EE28D222670099F37D /* APIError.swift in Sources */ = {isa = PBXBuildFile; fileRef = 261A73ED28D222670099F37D /* APIError.swift */; };
		261A73EF28D222670099F37D /* APIError.swift in Sources */ = {isa = PBXBuildFile; fileRef = 261A73ED28D222670099F37D /* APIError.swift */; };
		261A73F128D222D20099F37D /* NetworkingHelpers.swift in Sources */ = {isa = PBXBuildFile; fileRef = 261A73F028D222D20099F37D /* NetworkingHelpers.swift */; };
		261A73F228D222D20099F37D /* NetworkingHelpers.swift in Sources */ = {isa = PBXBuildFile; fileRef = 261A73F028D222D20099F37D /* NetworkingHelpers.swift */; };
		261A73F528D224550099F37D /* ClassifiedAdDto.swift in Sources */ = {isa = PBXBuildFile; fileRef = 261A73F428D224550099F37D /* ClassifiedAdDto.swift */; };
		261A73F628D224550099F37D /* ClassifiedAdDto.swift in Sources */ = {isa = PBXBuildFile; fileRef = 261A73F428D224550099F37D /* ClassifiedAdDto.swift */; };
		261A73F928D225E50099F37D /* AdMapper.swift in Sources */ = {isa = PBXBuildFile; fileRef = 261A73F828D225E50099F37D /* AdMapper.swift */; };
		261A73FA28D225E50099F37D /* AdMapper.swift in Sources */ = {isa = PBXBuildFile; fileRef = 261A73F828D225E50099F37D /* AdMapper.swift */; };
		261A73FD28D226C60099F37D /* DateUtils.swift in Sources */ = {isa = PBXBuildFile; fileRef = 261A73FC28D226C60099F37D /* DateUtils.swift */; };
		261A73FE28D226C60099F37D /* DateUtils.swift in Sources */ = {isa = PBXBuildFile; fileRef = 261A73FC28D226C60099F37D /* DateUtils.swift */; };
		261A740028D22E560099F37D /* ListViewModel.swift in Sources */ = {isa = PBXBuildFile; fileRef = 261A73FF28D22E560099F37D /* ListViewModel.swift */; };
		261A740128D22E560099F37D /* ListViewModel.swift in Sources */ = {isa = PBXBuildFile; fileRef = 261A73FF28D22E560099F37D /* ListViewModel.swift */; };
		261A740728D2669B0099F37D /* DIContainer.swift in Sources */ = {isa = PBXBuildFile; fileRef = 261A740628D2669B0099F37D /* DIContainer.swift */; };
		263AC0CE28D44F9D00A8C3F4 /* DetailsView.swift in Sources */ = {isa = PBXBuildFile; fileRef = 263AC0CD28D44F9D00A8C3F4 /* DetailsView.swift */; };
		268C853E28DA5C540016C57B /* UsesAutoLayout.swift in Sources */ = {isa = PBXBuildFile; fileRef = 268C853D28DA5C540016C57B /* UsesAutoLayout.swift */; };
		2695DB3928D38F5F002E1FD7 /* DetailsViewController.swift in Sources */ = {isa = PBXBuildFile; fileRef = 2695DB3828D38F5F002E1FD7 /* DetailsViewController.swift */; };
		2695DB3B28D38FCC002E1FD7 /* DetailsViewModel.swift in Sources */ = {isa = PBXBuildFile; fileRef = 2695DB3A28D38FCC002E1FD7 /* DetailsViewModel.swift */; };
		2695DB3C28D38FCC002E1FD7 /* DetailsViewModel.swift in Sources */ = {isa = PBXBuildFile; fileRef = 2695DB3A28D38FCC002E1FD7 /* DetailsViewModel.swift */; };
		2695DB3E28D38FFC002E1FD7 /* Loadable.swift in Sources */ = {isa = PBXBuildFile; fileRef = 2695DB3D28D38FFC002E1FD7 /* Loadable.swift */; };
		2695DB3F28D38FFC002E1FD7 /* Loadable.swift in Sources */ = {isa = PBXBuildFile; fileRef = 2695DB3D28D38FFC002E1FD7 /* Loadable.swift */; };
		2695DB4228D392E0002E1FD7 /* Navigator.swift in Sources */ = {isa = PBXBuildFile; fileRef = 2695DB4128D392E0002E1FD7 /* Navigator.swift */; };
		2696F2A428D5F6D900742FD7 /* NavigatorProtocol.swift in Sources */ = {isa = PBXBuildFile; fileRef = 2696F2A328D5F6D900742FD7 /* NavigatorProtocol.swift */; };
		2696F2A528D5F6D900742FD7 /* NavigatorProtocol.swift in Sources */ = {isa = PBXBuildFile; fileRef = 2696F2A328D5F6D900742FD7 /* NavigatorProtocol.swift */; };
		2696F2A728D5FA7400742FD7 /* CategoryDto.swift in Sources */ = {isa = PBXBuildFile; fileRef = 2696F2A628D5FA7400742FD7 /* CategoryDto.swift */; };
		2696F2A828D5FA7400742FD7 /* CategoryDto.swift in Sources */ = {isa = PBXBuildFile; fileRef = 2696F2A628D5FA7400742FD7 /* CategoryDto.swift */; };
		2696F2AA28D5FAE000742FD7 /* CategoryMapper.swift in Sources */ = {isa = PBXBuildFile; fileRef = 2696F2A928D5FAE000742FD7 /* CategoryMapper.swift */; };
		2696F2AB28D5FAE000742FD7 /* CategoryMapper.swift in Sources */ = {isa = PBXBuildFile; fileRef = 2696F2A928D5FAE000742FD7 /* CategoryMapper.swift */; };
		2696F2AE28D5FB5000742FD7 /* categories.json in Resources */ = {isa = PBXBuildFile; fileRef = 2696F2AD28D5FB5000742FD7 /* categories.json */; };
		2696F2B028D5FB6800742FD7 /* listing.json in Resources */ = {isa = PBXBuildFile; fileRef = 2696F2AF28D5FB6800742FD7 /* listing.json */; };
		2696F2B328D5FC5800742FD7 /* FilterViewController.swift in Sources */ = {isa = PBXBuildFile; fileRef = 2696F2B228D5FC5800742FD7 /* FilterViewController.swift */; };
		2696F2B528D5FD5500742FD7 /* FilterViewModel.swift in Sources */ = {isa = PBXBuildFile; fileRef = 2696F2B428D5FD5500742FD7 /* FilterViewModel.swift */; };
		2696F2B628D5FD5500742FD7 /* FilterViewModel.swift in Sources */ = {isa = PBXBuildFile; fileRef = 2696F2B428D5FD5500742FD7 /* FilterViewModel.swift */; };
		2696F2B828D600CC00742FD7 /* UITableView+RegisterType.swift in Sources */ = {isa = PBXBuildFile; fileRef = 2696F2B728D600CC00742FD7 /* UITableView+RegisterType.swift */; };
		2696F2BC28D6018C00742FD7 /* FilterCell.swift in Sources */ = {isa = PBXBuildFile; fileRef = 2696F2BB28D6018C00742FD7 /* FilterCell.swift */; };
		26CF643728DA60D20015723E /* CategoryFilter.swift in Sources */ = {isa = PBXBuildFile; fileRef = 26E12A9E28D7991600727D2F /* CategoryFilter.swift */; };
		26E12A9F28D7991700727D2F /* CategoryFilter.swift in Sources */ = {isa = PBXBuildFile; fileRef = 26E12A9E28D7991600727D2F /* CategoryFilter.swift */; };
		26E9D1F228D27FA300D322B5 /* ImageRepository.swift in Sources */ = {isa = PBXBuildFile; fileRef = 26E9D1F128D27FA300D322B5 /* ImageRepository.swift */; };
		26E9D1F328D27FA300D322B5 /* ImageRepository.swift in Sources */ = {isa = PBXBuildFile; fileRef = 26E9D1F128D27FA300D322B5 /* ImageRepository.swift */; };
/* End PBXBuildFile section */

/* Begin PBXContainerItemProxy section */
		261A73A628D1FBD40099F37D /* PBXContainerItemProxy */ = {
			isa = PBXContainerItemProxy;
			containerPortal = 261A738728D1FBD20099F37D /* Project object */;
			proxyType = 1;
			remoteGlobalIDString = 261A738E28D1FBD20099F37D;
			remoteInfo = AdX;
		};
/* End PBXContainerItemProxy section */

/* Begin PBXFileReference section */
		260EA6D828D456DF004344EE /* UIImageView+LoadUrl.swift */ = {isa = PBXFileReference; lastKnownFileType = sourcecode.swift; path = "UIImageView+LoadUrl.swift"; sourceTree = "<group>"; };
		261A738F28D1FBD20099F37D /* AdX.app */ = {isa = PBXFileReference; explicitFileType = wrapper.application; includeInIndex = 0; path = AdX.app; sourceTree = BUILT_PRODUCTS_DIR; };
		261A739228D1FBD20099F37D /* AppDelegate.swift */ = {isa = PBXFileReference; lastKnownFileType = sourcecode.swift; path = AppDelegate.swift; sourceTree = "<group>"; };
		261A739628D1FBD20099F37D /* ListViewController.swift */ = {isa = PBXFileReference; lastKnownFileType = sourcecode.swift; path = ListViewController.swift; sourceTree = "<group>"; };
		261A739B28D1FBD40099F37D /* Assets.xcassets */ = {isa = PBXFileReference; lastKnownFileType = folder.assetcatalog; path = Assets.xcassets; sourceTree = "<group>"; };
		261A739E28D1FBD40099F37D /* Base */ = {isa = PBXFileReference; lastKnownFileType = file.storyboard; name = Base; path = Base.lproj/LaunchScreen.storyboard; sourceTree = "<group>"; };
		261A73A028D1FBD40099F37D /* Info.plist */ = {isa = PBXFileReference; lastKnownFileType = text.plist.xml; path = Info.plist; sourceTree = "<group>"; };
		261A73A528D1FBD40099F37D /* AdXTests.xctest */ = {isa = PBXFileReference; explicitFileType = wrapper.cfbundle; includeInIndex = 0; path = AdXTests.xctest; sourceTree = BUILT_PRODUCTS_DIR; };
		261A73A928D1FBD40099F37D /* AdXTests.swift */ = {isa = PBXFileReference; lastKnownFileType = sourcecode.swift; path = AdXTests.swift; sourceTree = "<group>"; };
		261A73C928D2026C0099F37D /* ClassifiedAd.swift */ = {isa = PBXFileReference; lastKnownFileType = sourcecode.swift; path = ClassifiedAd.swift; sourceTree = "<group>"; };
		261A73CC28D2029D0099F37D /* Category.swift */ = {isa = PBXFileReference; lastKnownFileType = sourcecode.swift; path = Category.swift; sourceTree = "<group>"; };
		261A73D428D204510099F37D /* ImagesUrl.swift */ = {isa = PBXFileReference; lastKnownFileType = sourcecode.swift; path = ImagesUrl.swift; sourceTree = "<group>"; };
		261A73D828D206DA0099F37D /* UICollectionView+RegisterType.swift */ = {isa = PBXFileReference; lastKnownFileType = sourcecode.swift; path = "UICollectionView+RegisterType.swift"; sourceTree = "<group>"; };
		261A73DC28D207DE0099F37D /* AdCell.swift */ = {isa = PBXFileReference; lastKnownFileType = sourcecode.swift; path = AdCell.swift; sourceTree = "<group>"; };
		261A73DE28D20B4F0099F37D /* Localizable.strings */ = {isa = PBXFileReference; lastKnownFileType = text.plist.strings; path = Localizable.strings; sourceTree = "<group>"; };
		261A73E028D20B990099F37D /* String+Localized.swift */ = {isa = PBXFileReference; lastKnownFileType = sourcecode.swift; path = "String+Localized.swift"; sourceTree = "<group>"; };
		261A73E228D20BBE0099F37D /* NSObject+ClassName.swift */ = {isa = PBXFileReference; lastKnownFileType = sourcecode.swift; path = "NSObject+ClassName.swift"; sourceTree = "<group>"; };
		261A73E528D21FAA0099F37D /* AdRepository.swift */ = {isa = PBXFileReference; lastKnownFileType = sourcecode.swift; path = AdRepository.swift; sourceTree = "<group>"; };
		261A73E828D220720099F37D /* HTTPClient.swift */ = {isa = PBXFileReference; lastKnownFileType = sourcecode.swift; path = HTTPClient.swift; sourceTree = "<group>"; };
		261A73ED28D222670099F37D /* APIError.swift */ = {isa = PBXFileReference; lastKnownFileType = sourcecode.swift; path = APIError.swift; sourceTree = "<group>"; };
		261A73F028D222D20099F37D /* NetworkingHelpers.swift */ = {isa = PBXFileReference; lastKnownFileType = sourcecode.swift; path = NetworkingHelpers.swift; sourceTree = "<group>"; };
		261A73F428D224550099F37D /* ClassifiedAdDto.swift */ = {isa = PBXFileReference; lastKnownFileType = sourcecode.swift; path = ClassifiedAdDto.swift; sourceTree = "<group>"; };
		261A73F828D225E50099F37D /* AdMapper.swift */ = {isa = PBXFileReference; lastKnownFileType = sourcecode.swift; path = AdMapper.swift; sourceTree = "<group>"; };
		261A73FC28D226C60099F37D /* DateUtils.swift */ = {isa = PBXFileReference; lastKnownFileType = sourcecode.swift; path = DateUtils.swift; sourceTree = "<group>"; };
		261A73FF28D22E560099F37D /* ListViewModel.swift */ = {isa = PBXFileReference; lastKnownFileType = sourcecode.swift; path = ListViewModel.swift; sourceTree = "<group>"; };
		261A740628D2669B0099F37D /* DIContainer.swift */ = {isa = PBXFileReference; lastKnownFileType = sourcecode.swift; path = DIContainer.swift; sourceTree = "<group>"; };
		263AC0CD28D44F9D00A8C3F4 /* DetailsView.swift */ = {isa = PBXFileReference; lastKnownFileType = sourcecode.swift; path = DetailsView.swift; sourceTree = "<group>"; };
		268C853D28DA5C540016C57B /* UsesAutoLayout.swift */ = {isa = PBXFileReference; lastKnownFileType = sourcecode.swift; path = UsesAutoLayout.swift; sourceTree = "<group>"; };
		2695DB3828D38F5F002E1FD7 /* DetailsViewController.swift */ = {isa = PBXFileReference; lastKnownFileType = sourcecode.swift; path = DetailsViewController.swift; sourceTree = "<group>"; };
		2695DB3A28D38FCC002E1FD7 /* DetailsViewModel.swift */ = {isa = PBXFileReference; lastKnownFileType = sourcecode.swift; path = DetailsViewModel.swift; sourceTree = "<group>"; };
		2695DB3D28D38FFC002E1FD7 /* Loadable.swift */ = {isa = PBXFileReference; lastKnownFileType = sourcecode.swift; path = Loadable.swift; sourceTree = "<group>"; };
		2695DB4128D392E0002E1FD7 /* Navigator.swift */ = {isa = PBXFileReference; lastKnownFileType = sourcecode.swift; path = Navigator.swift; sourceTree = "<group>"; };
		2696F2A328D5F6D900742FD7 /* NavigatorProtocol.swift */ = {isa = PBXFileReference; lastKnownFileType = sourcecode.swift; path = NavigatorProtocol.swift; sourceTree = "<group>"; };
		2696F2A628D5FA7400742FD7 /* CategoryDto.swift */ = {isa = PBXFileReference; lastKnownFileType = sourcecode.swift; path = CategoryDto.swift; sourceTree = "<group>"; };
		2696F2A928D5FAE000742FD7 /* CategoryMapper.swift */ = {isa = PBXFileReference; lastKnownFileType = sourcecode.swift; path = CategoryMapper.swift; sourceTree = "<group>"; };
		2696F2AD28D5FB5000742FD7 /* categories.json */ = {isa = PBXFileReference; lastKnownFileType = text.json; path = categories.json; sourceTree = "<group>"; };
		2696F2AF28D5FB6800742FD7 /* listing.json */ = {isa = PBXFileReference; lastKnownFileType = text.json; path = listing.json; sourceTree = "<group>"; };
		2696F2B228D5FC5800742FD7 /* FilterViewController.swift */ = {isa = PBXFileReference; lastKnownFileType = sourcecode.swift; path = FilterViewController.swift; sourceTree = "<group>"; };
		2696F2B428D5FD5500742FD7 /* FilterViewModel.swift */ = {isa = PBXFileReference; lastKnownFileType = sourcecode.swift; path = FilterViewModel.swift; sourceTree = "<group>"; };
		2696F2B728D600CC00742FD7 /* UITableView+RegisterType.swift */ = {isa = PBXFileReference; lastKnownFileType = sourcecode.swift; path = "UITableView+RegisterType.swift"; sourceTree = "<group>"; };
		2696F2BB28D6018C00742FD7 /* FilterCell.swift */ = {isa = PBXFileReference; lastKnownFileType = sourcecode.swift; path = FilterCell.swift; sourceTree = "<group>"; };
		26E12A9E28D7991600727D2F /* CategoryFilter.swift */ = {isa = PBXFileReference; lastKnownFileType = sourcecode.swift; path = CategoryFilter.swift; sourceTree = "<group>"; };
		26E9D1F128D27FA300D322B5 /* ImageRepository.swift */ = {isa = PBXFileReference; lastKnownFileType = sourcecode.swift; path = ImageRepository.swift; sourceTree = "<group>"; };
/* End PBXFileReference section */

/* Begin PBXFrameworksBuildPhase section */
		261A738C28D1FBD20099F37D /* Frameworks */ = {
			isa = PBXFrameworksBuildPhase;
			buildActionMask = 2147483647;
			files = (
			);
			runOnlyForDeploymentPostprocessing = 0;
		};
		261A73A228D1FBD40099F37D /* Frameworks */ = {
			isa = PBXFrameworksBuildPhase;
			buildActionMask = 2147483647;
			files = (
			);
			runOnlyForDeploymentPostprocessing = 0;
		};
/* End PBXFrameworksBuildPhase section */

/* Begin PBXGroup section */
		261A738628D1FBD20099F37D = {
			isa = PBXGroup;
			children = (
				261A739128D1FBD20099F37D /* AdX */,
				261A73A828D1FBD40099F37D /* AdXTests */,
				261A739028D1FBD20099F37D /* Products */,
			);
			sourceTree = "<group>";
		};
		261A739028D1FBD20099F37D /* Products */ = {
			isa = PBXGroup;
			children = (
				261A738F28D1FBD20099F37D /* AdX.app */,
				261A73A528D1FBD40099F37D /* AdXTests.xctest */,
			);
			name = Products;
			sourceTree = "<group>";
		};
		261A739128D1FBD20099F37D /* AdX */ = {
			isa = PBXGroup;
			children = (
				261A73C228D1FCDE0099F37D /* app */,
				261A73C428D1FCF80099F37D /* ui */,
				261A73C828D202450099F37D /* models */,
				261A73E428D21F950099F37D /* repositories */,
				261A73D728D2064E0099F37D /* misc */,
				261A73C328D1FCE70099F37D /* resources */,
			);
			path = AdX;
			sourceTree = "<group>";
		};
		261A73A828D1FBD40099F37D /* AdXTests */ = {
			isa = PBXGroup;
			children = (
				2696F2AC28D5FB3100742FD7 /* stub */,
				261A73A928D1FBD40099F37D /* AdXTests.swift */,
			);
			path = AdXTests;
			sourceTree = "<group>";
		};
		261A73C228D1FCDE0099F37D /* app */ = {
			isa = PBXGroup;
			children = (
				261A739228D1FBD20099F37D /* AppDelegate.swift */,
				261A740628D2669B0099F37D /* DIContainer.swift */,
			);
			path = app;
			sourceTree = "<group>";
		};
		261A73C328D1FCE70099F37D /* resources */ = {
			isa = PBXGroup;
			children = (
				261A739B28D1FBD40099F37D /* Assets.xcassets */,
				261A739D28D1FBD40099F37D /* LaunchScreen.storyboard */,
				261A73A028D1FBD40099F37D /* Info.plist */,
				261A73DE28D20B4F0099F37D /* Localizable.strings */,
			);
			path = resources;
			sourceTree = "<group>";
		};
		261A73C428D1FCF80099F37D /* ui */ = {
			isa = PBXGroup;
			children = (
				2695DB4028D392B4002E1FD7 /* navigator */,
				261A73C728D2013F0099F37D /* list */,
				2695DB3728D38F44002E1FD7 /* details */,
				2696F2B128D5FC3C00742FD7 /* filter */,
			);
			path = ui;
			sourceTree = "<group>";
		};
		261A73C728D2013F0099F37D /* list */ = {
			isa = PBXGroup;
			children = (
				261A739628D1FBD20099F37D /* ListViewController.swift */,
				261A73FF28D22E560099F37D /* ListViewModel.swift */,
				261A740228D22E5D0099F37D /* views */,
			);
			path = list;
			sourceTree = "<group>";
		};
		261A73C828D202450099F37D /* models */ = {
			isa = PBXGroup;
			children = (
				261A73C928D2026C0099F37D /* ClassifiedAd.swift */,
				261A73CC28D2029D0099F37D /* Category.swift */,
				261A73D428D204510099F37D /* ImagesUrl.swift */,
				26E12A9E28D7991600727D2F /* CategoryFilter.swift */,
			);
			path = models;
			sourceTree = "<group>";
		};
		261A73D728D2064E0099F37D /* misc */ = {
			isa = PBXGroup;
			children = (
				261A73FB28D226AC0099F37D /* utils */,
				261A73EB28D2216A0099F37D /* http */,
				261A73EC28D2218B0099F37D /* extensions */,
			);
			path = misc;
			sourceTree = "<group>";
		};
		261A73E428D21F950099F37D /* repositories */ = {
			isa = PBXGroup;
			children = (
				261A73E528D21FAA0099F37D /* AdRepository.swift */,
				26E9D1F128D27FA300D322B5 /* ImageRepository.swift */,
				261A73F328D2243C0099F37D /* dto */,
				261A73F728D225CF0099F37D /* mapping */,
			);
			path = repositories;
			sourceTree = "<group>";
		};
		261A73EB28D2216A0099F37D /* http */ = {
			isa = PBXGroup;
			children = (
				261A73E828D220720099F37D /* HTTPClient.swift */,
				261A73ED28D222670099F37D /* APIError.swift */,
				261A73F028D222D20099F37D /* NetworkingHelpers.swift */,
			);
			path = http;
			sourceTree = "<group>";
		};
		261A73EC28D2218B0099F37D /* extensions */ = {
			isa = PBXGroup;
			children = (
				261A73D828D206DA0099F37D /* UICollectionView+RegisterType.swift */,
				2696F2B728D600CC00742FD7 /* UITableView+RegisterType.swift */,
				261A73E028D20B990099F37D /* String+Localized.swift */,
				261A73E228D20BBE0099F37D /* NSObject+ClassName.swift */,
				260EA6D828D456DF004344EE /* UIImageView+LoadUrl.swift */,
			);
			path = extensions;
			sourceTree = "<group>";
		};
		261A73F328D2243C0099F37D /* dto */ = {
			isa = PBXGroup;
			children = (
				261A73F428D224550099F37D /* ClassifiedAdDto.swift */,
				2696F2A628D5FA7400742FD7 /* CategoryDto.swift */,
			);
			path = dto;
			sourceTree = "<group>";
		};
		261A73F728D225CF0099F37D /* mapping */ = {
			isa = PBXGroup;
			children = (
				261A73F828D225E50099F37D /* AdMapper.swift */,
				2696F2A928D5FAE000742FD7 /* CategoryMapper.swift */,
			);
			path = mapping;
			sourceTree = "<group>";
		};
		261A73FB28D226AC0099F37D /* utils */ = {
			isa = PBXGroup;
			children = (
				2695DB3D28D38FFC002E1FD7 /* Loadable.swift */,
				261A73FC28D226C60099F37D /* DateUtils.swift */,
				268C853D28DA5C540016C57B /* UsesAutoLayout.swift */,
			);
			path = utils;
			sourceTree = "<group>";
		};
		261A740228D22E5D0099F37D /* views */ = {
			isa = PBXGroup;
			children = (
				261A73DC28D207DE0099F37D /* AdCell.swift */,
			);
			path = views;
			sourceTree = "<group>";
		};
		263AC0CC28D44F8A00A8C3F4 /* views */ = {
			isa = PBXGroup;
			children = (
				263AC0CD28D44F9D00A8C3F4 /* DetailsView.swift */,
			);
			path = views;
			sourceTree = "<group>";
		};
		2695DB3728D38F44002E1FD7 /* details */ = {
			isa = PBXGroup;
			children = (
				2695DB3828D38F5F002E1FD7 /* DetailsViewController.swift */,
				2695DB3A28D38FCC002E1FD7 /* DetailsViewModel.swift */,
				263AC0CC28D44F8A00A8C3F4 /* views */,
			);
			path = details;
			sourceTree = "<group>";
		};
		2695DB4028D392B4002E1FD7 /* navigator */ = {
			isa = PBXGroup;
			children = (
				2696F2A328D5F6D900742FD7 /* NavigatorProtocol.swift */,
				2695DB4128D392E0002E1FD7 /* Navigator.swift */,
			);
			path = navigator;
			sourceTree = "<group>";
		};
		2696F2AC28D5FB3100742FD7 /* stub */ = {
			isa = PBXGroup;
			children = (
				2696F2AD28D5FB5000742FD7 /* categories.json */,
				2696F2AF28D5FB6800742FD7 /* listing.json */,
			);
			path = stub;
			sourceTree = "<group>";
		};
		2696F2B128D5FC3C00742FD7 /* filter */ = {
			isa = PBXGroup;
			children = (
				2696F2B228D5FC5800742FD7 /* FilterViewController.swift */,
				2696F2B428D5FD5500742FD7 /* FilterViewModel.swift */,
				2696F2BA28D6017B00742FD7 /* views */,
			);
			path = filter;
			sourceTree = "<group>";
		};
		2696F2BA28D6017B00742FD7 /* views */ = {
			isa = PBXGroup;
			children = (
				2696F2BB28D6018C00742FD7 /* FilterCell.swift */,
			);
			path = views;
			sourceTree = "<group>";
		};
/* End PBXGroup section */

/* Begin PBXNativeTarget section */
		261A738E28D1FBD20099F37D /* AdX */ = {
			isa = PBXNativeTarget;
			buildConfigurationList = 261A73B928D1FBD40099F37D /* Build configuration list for PBXNativeTarget "AdX" */;
			buildPhases = (
				261A73C528D1FF2A0099F37D /* Run SwiftLint */,
				261A738B28D1FBD20099F37D /* Sources */,
				261A738C28D1FBD20099F37D /* Frameworks */,
				261A738D28D1FBD20099F37D /* Resources */,
			);
			buildRules = (
			);
			dependencies = (
			);
			name = AdX;
			productName = AdX;
			productReference = 261A738F28D1FBD20099F37D /* AdX.app */;
			productType = "com.apple.product-type.application";
		};
		261A73A428D1FBD40099F37D /* AdXTests */ = {
			isa = PBXNativeTarget;
			buildConfigurationList = 261A73BC28D1FBD40099F37D /* Build configuration list for PBXNativeTarget "AdXTests" */;
			buildPhases = (
				261A73A128D1FBD40099F37D /* Sources */,
				261A73A228D1FBD40099F37D /* Frameworks */,
				261A73A328D1FBD40099F37D /* Resources */,
			);
			buildRules = (
			);
			dependencies = (
				261A73A728D1FBD40099F37D /* PBXTargetDependency */,
			);
			name = AdXTests;
			productName = AdXTests;
			productReference = 261A73A528D1FBD40099F37D /* AdXTests.xctest */;
			productType = "com.apple.product-type.bundle.unit-test";
		};
/* End PBXNativeTarget section */

/* Begin PBXProject section */
		261A738728D1FBD20099F37D /* Project object */ = {
			isa = PBXProject;
			attributes = {
				BuildIndependentTargetsInParallel = 1;
				LastSwiftUpdateCheck = 1340;
				LastUpgradeCheck = 1340;
				TargetAttributes = {
					261A738E28D1FBD20099F37D = {
						CreatedOnToolsVersion = 13.4.1;
					};
					261A73A428D1FBD40099F37D = {
						CreatedOnToolsVersion = 13.4.1;
						TestTargetID = 261A738E28D1FBD20099F37D;
					};
				};
			};
			buildConfigurationList = 261A738A28D1FBD20099F37D /* Build configuration list for PBXProject "AdX" */;
			compatibilityVersion = "Xcode 13.0";
			developmentRegion = en;
			hasScannedForEncodings = 0;
			knownRegions = (
				en,
				Base,
			);
			mainGroup = 261A738628D1FBD20099F37D;
			productRefGroup = 261A739028D1FBD20099F37D /* Products */;
			projectDirPath = "";
			projectRoot = "";
			targets = (
				261A738E28D1FBD20099F37D /* AdX */,
				261A73A428D1FBD40099F37D /* AdXTests */,
			);
		};
/* End PBXProject section */

/* Begin PBXResourcesBuildPhase section */
		261A738D28D1FBD20099F37D /* Resources */ = {
			isa = PBXResourcesBuildPhase;
			buildActionMask = 2147483647;
			files = (
				261A739F28D1FBD40099F37D /* LaunchScreen.storyboard in Resources */,
				261A73DF28D20B4F0099F37D /* Localizable.strings in Resources */,
				261A739C28D1FBD40099F37D /* Assets.xcassets in Resources */,
			);
			runOnlyForDeploymentPostprocessing = 0;
		};
		261A73A328D1FBD40099F37D /* Resources */ = {
			isa = PBXResourcesBuildPhase;
			buildActionMask = 2147483647;
			files = (
				2696F2B028D5FB6800742FD7 /* listing.json in Resources */,
				2696F2AE28D5FB5000742FD7 /* categories.json in Resources */,
			);
			runOnlyForDeploymentPostprocessing = 0;
		};
/* End PBXResourcesBuildPhase section */

/* Begin PBXShellScriptBuildPhase section */
		261A73C528D1FF2A0099F37D /* Run SwiftLint */ = {
			isa = PBXShellScriptBuildPhase;
			buildActionMask = 2147483647;
			files = (
			);
			inputFileListPaths = (
			);
			inputPaths = (
			);
			name = "Run SwiftLint";
			outputFileListPaths = (
			);
			outputPaths = (
			);
			runOnlyForDeploymentPostprocessing = 0;
			shellPath = /bin/sh;
			shellScript = "if which swiftlint >/dev/null; then\n  swiftlint\nelse\n  echo \"warning: SwiftLint not installed, download from https://github.com/realm/SwiftLint\"\nfi\n";
		};
/* End PBXShellScriptBuildPhase section */

/* Begin PBXSourcesBuildPhase section */
		261A738B28D1FBD20099F37D /* Sources */ = {
			isa = PBXSourcesBuildPhase;
			buildActionMask = 2147483647;
			files = (
				261A73DD28D207DE0099F37D /* AdCell.swift in Sources */,
				261A739728D1FBD20099F37D /* ListViewController.swift in Sources */,
				261A73E928D220720099F37D /* HTTPClient.swift in Sources */,
				261A73F928D225E50099F37D /* AdMapper.swift in Sources */,
				261A73CA28D2026C0099F37D /* ClassifiedAd.swift in Sources */,
				2696F2B828D600CC00742FD7 /* UITableView+RegisterType.swift in Sources */,
				2696F2A428D5F6D900742FD7 /* NavigatorProtocol.swift in Sources */,
				2695DB4228D392E0002E1FD7 /* Navigator.swift in Sources */,
				268C853E28DA5C540016C57B /* UsesAutoLayout.swift in Sources */,
				261A73E128D20B990099F37D /* String+Localized.swift in Sources */,
				261A73F528D224550099F37D /* ClassifiedAdDto.swift in Sources */,
				261A73E328D20BBE0099F37D /* NSObject+ClassName.swift in Sources */,
				2696F2BC28D6018C00742FD7 /* FilterCell.swift in Sources */,
				261A73F128D222D20099F37D /* NetworkingHelpers.swift in Sources */,
				2695DB3928D38F5F002E1FD7 /* DetailsViewController.swift in Sources */,
				261A73D528D204510099F37D /* ImagesUrl.swift in Sources */,
				263AC0CE28D44F9D00A8C3F4 /* DetailsView.swift in Sources */,
				2696F2AA28D5FAE000742FD7 /* CategoryMapper.swift in Sources */,
				261A73D928D206DA0099F37D /* UICollectionView+RegisterType.swift in Sources */,
				2696F2B328D5FC5800742FD7 /* FilterViewController.swift in Sources */,
				26E9D1F228D27FA300D322B5 /* ImageRepository.swift in Sources */,
				261A739328D1FBD20099F37D /* AppDelegate.swift in Sources */,
				2695DB3E28D38FFC002E1FD7 /* Loadable.swift in Sources */,
				261A73FD28D226C60099F37D /* DateUtils.swift in Sources */,
				2696F2A728D5FA7400742FD7 /* CategoryDto.swift in Sources */,
				26E12A9F28D7991700727D2F /* CategoryFilter.swift in Sources */,
				2696F2B528D5FD5500742FD7 /* FilterViewModel.swift in Sources */,
				260EA6D928D456DF004344EE /* UIImageView+LoadUrl.swift in Sources */,
				2695DB3B28D38FCC002E1FD7 /* DetailsViewModel.swift in Sources */,
				261A73E628D21FAA0099F37D /* AdRepository.swift in Sources */,
				261A740028D22E560099F37D /* ListViewModel.swift in Sources */,
				261A73CD28D2029D0099F37D /* Category.swift in Sources */,
				261A740728D2669B0099F37D /* DIContainer.swift in Sources */,
				261A73EE28D222670099F37D /* APIError.swift in Sources */,
			);
			runOnlyForDeploymentPostprocessing = 0;
		};
		261A73A128D1FBD40099F37D /* Sources */ = {
			isa = PBXSourcesBuildPhase;
			buildActionMask = 2147483647;
			files = (
				261A73FE28D226C60099F37D /* DateUtils.swift in Sources */,
				261A73F628D224550099F37D /* ClassifiedAdDto.swift in Sources */,
				261A73AA28D1FBD40099F37D /* AdXTests.swift in Sources */,
				261A73E728D21FAA0099F37D /* AdRepository.swift in Sources */,
				261A73EA28D220720099F37D /* HTTPClient.swift in Sources */,
				26E9D1F328D27FA300D322B5 /* ImageRepository.swift in Sources */,
				2696F2B628D5FD5500742FD7 /* FilterViewModel.swift in Sources */,
				261A73D628D204510099F37D /* ImagesUrl.swift in Sources */,
				2695DB3F28D38FFC002E1FD7 /* Loadable.swift in Sources */,
				2696F2A828D5FA7400742FD7 /* CategoryDto.swift in Sources */,
				261A740128D22E560099F37D /* ListViewModel.swift in Sources */,
				2695DB3C28D38FCC002E1FD7 /* DetailsViewModel.swift in Sources */,
				261A73F228D222D20099F37D /* NetworkingHelpers.swift in Sources */,
				261A73FA28D225E50099F37D /* AdMapper.swift in Sources */,
				26CF643728DA60D20015723E /* CategoryFilter.swift in Sources */,
				261A73EF28D222670099F37D /* APIError.swift in Sources */,
				261A73CB28D2026C0099F37D /* ClassifiedAd.swift in Sources */,
				261A73CE28D2029D0099F37D /* Category.swift in Sources */,
				2696F2AB28D5FAE000742FD7 /* CategoryMapper.swift in Sources */,
				2696F2A528D5F6D900742FD7 /* NavigatorProtocol.swift in Sources */,
			);
			runOnlyForDeploymentPostprocessing = 0;
		};
/* End PBXSourcesBuildPhase section */

/* Begin PBXTargetDependency section */
		261A73A728D1FBD40099F37D /* PBXTargetDependency */ = {
			isa = PBXTargetDependency;
			target = 261A738E28D1FBD20099F37D /* AdX */;
			targetProxy = 261A73A628D1FBD40099F37D /* PBXContainerItemProxy */;
		};
/* End PBXTargetDependency section */

/* Begin PBXVariantGroup section */
		261A739D28D1FBD40099F37D /* LaunchScreen.storyboard */ = {
			isa = PBXVariantGroup;
			children = (
				261A739E28D1FBD40099F37D /* Base */,
			);
			name = LaunchScreen.storyboard;
			sourceTree = "<group>";
		};
/* End PBXVariantGroup section */

/* Begin XCBuildConfiguration section */
		261A73B728D1FBD40099F37D /* Debug */ = {
			isa = XCBuildConfiguration;
			buildSettings = {
				ALWAYS_SEARCH_USER_PATHS = NO;
				CLANG_ANALYZER_NONNULL = YES;
				CLANG_ANALYZER_NUMBER_OBJECT_CONVERSION = YES_AGGRESSIVE;
				CLANG_CXX_LANGUAGE_STANDARD = "gnu++17";
				CLANG_ENABLE_MODULES = YES;
				CLANG_ENABLE_OBJC_ARC = YES;
				CLANG_ENABLE_OBJC_WEAK = YES;
				CLANG_WARN_BLOCK_CAPTURE_AUTORELEASING = YES;
				CLANG_WARN_BOOL_CONVERSION = YES;
				CLANG_WARN_COMMA = YES;
				CLANG_WARN_CONSTANT_CONVERSION = YES;
				CLANG_WARN_DEPRECATED_OBJC_IMPLEMENTATIONS = YES;
				CLANG_WARN_DIRECT_OBJC_ISA_USAGE = YES_ERROR;
				CLANG_WARN_DOCUMENTATION_COMMENTS = YES;
				CLANG_WARN_EMPTY_BODY = YES;
				CLANG_WARN_ENUM_CONVERSION = YES;
				CLANG_WARN_INFINITE_RECURSION = YES;
				CLANG_WARN_INT_CONVERSION = YES;
				CLANG_WARN_NON_LITERAL_NULL_CONVERSION = YES;
				CLANG_WARN_OBJC_IMPLICIT_RETAIN_SELF = YES;
				CLANG_WARN_OBJC_LITERAL_CONVERSION = YES;
				CLANG_WARN_OBJC_ROOT_CLASS = YES_ERROR;
				CLANG_WARN_QUOTED_INCLUDE_IN_FRAMEWORK_HEADER = YES;
				CLANG_WARN_RANGE_LOOP_ANALYSIS = YES;
				CLANG_WARN_STRICT_PROTOTYPES = YES;
				CLANG_WARN_SUSPICIOUS_MOVE = YES;
				CLANG_WARN_UNGUARDED_AVAILABILITY = YES_AGGRESSIVE;
				CLANG_WARN_UNREACHABLE_CODE = YES;
				CLANG_WARN__DUPLICATE_METHOD_MATCH = YES;
				COPY_PHASE_STRIP = NO;
				DEBUG_INFORMATION_FORMAT = dwarf;
				ENABLE_STRICT_OBJC_MSGSEND = YES;
				ENABLE_TESTABILITY = YES;
				GCC_C_LANGUAGE_STANDARD = gnu11;
				GCC_DYNAMIC_NO_PIC = NO;
				GCC_NO_COMMON_BLOCKS = YES;
				GCC_OPTIMIZATION_LEVEL = 0;
				GCC_PREPROCESSOR_DEFINITIONS = (
					"DEBUG=1",
					"$(inherited)",
				);
				GCC_WARN_64_TO_32_BIT_CONVERSION = YES;
				GCC_WARN_ABOUT_RETURN_TYPE = YES_ERROR;
				GCC_WARN_UNDECLARED_SELECTOR = YES;
				GCC_WARN_UNINITIALIZED_AUTOS = YES_AGGRESSIVE;
				GCC_WARN_UNUSED_FUNCTION = YES;
				GCC_WARN_UNUSED_VARIABLE = YES;
				IPHONEOS_DEPLOYMENT_TARGET = 14.0;
				MTL_ENABLE_DEBUG_INFO = INCLUDE_SOURCE;
				MTL_FAST_MATH = YES;
				ONLY_ACTIVE_ARCH = YES;
				SDKROOT = iphoneos;
				SWIFT_ACTIVE_COMPILATION_CONDITIONS = DEBUG;
				SWIFT_OPTIMIZATION_LEVEL = "-Onone";
			};
			name = Debug;
		};
		261A73B828D1FBD40099F37D /* Release */ = {
			isa = XCBuildConfiguration;
			buildSettings = {
				ALWAYS_SEARCH_USER_PATHS = NO;
				CLANG_ANALYZER_NONNULL = YES;
				CLANG_ANALYZER_NUMBER_OBJECT_CONVERSION = YES_AGGRESSIVE;
				CLANG_CXX_LANGUAGE_STANDARD = "gnu++17";
				CLANG_ENABLE_MODULES = YES;
				CLANG_ENABLE_OBJC_ARC = YES;
				CLANG_ENABLE_OBJC_WEAK = YES;
				CLANG_WARN_BLOCK_CAPTURE_AUTORELEASING = YES;
				CLANG_WARN_BOOL_CONVERSION = YES;
				CLANG_WARN_COMMA = YES;
				CLANG_WARN_CONSTANT_CONVERSION = YES;
				CLANG_WARN_DEPRECATED_OBJC_IMPLEMENTATIONS = YES;
				CLANG_WARN_DIRECT_OBJC_ISA_USAGE = YES_ERROR;
				CLANG_WARN_DOCUMENTATION_COMMENTS = YES;
				CLANG_WARN_EMPTY_BODY = YES;
				CLANG_WARN_ENUM_CONVERSION = YES;
				CLANG_WARN_INFINITE_RECURSION = YES;
				CLANG_WARN_INT_CONVERSION = YES;
				CLANG_WARN_NON_LITERAL_NULL_CONVERSION = YES;
				CLANG_WARN_OBJC_IMPLICIT_RETAIN_SELF = YES;
				CLANG_WARN_OBJC_LITERAL_CONVERSION = YES;
				CLANG_WARN_OBJC_ROOT_CLASS = YES_ERROR;
				CLANG_WARN_QUOTED_INCLUDE_IN_FRAMEWORK_HEADER = YES;
				CLANG_WARN_RANGE_LOOP_ANALYSIS = YES;
				CLANG_WARN_STRICT_PROTOTYPES = YES;
				CLANG_WARN_SUSPICIOUS_MOVE = YES;
				CLANG_WARN_UNGUARDED_AVAILABILITY = YES_AGGRESSIVE;
				CLANG_WARN_UNREACHABLE_CODE = YES;
				CLANG_WARN__DUPLICATE_METHOD_MATCH = YES;
				COPY_PHASE_STRIP = NO;
				DEBUG_INFORMATION_FORMAT = "dwarf-with-dsym";
				ENABLE_NS_ASSERTIONS = NO;
				ENABLE_STRICT_OBJC_MSGSEND = YES;
				GCC_C_LANGUAGE_STANDARD = gnu11;
				GCC_NO_COMMON_BLOCKS = YES;
				GCC_WARN_64_TO_32_BIT_CONVERSION = YES;
				GCC_WARN_ABOUT_RETURN_TYPE = YES_ERROR;
				GCC_WARN_UNDECLARED_SELECTOR = YES;
				GCC_WARN_UNINITIALIZED_AUTOS = YES_AGGRESSIVE;
				GCC_WARN_UNUSED_FUNCTION = YES;
				GCC_WARN_UNUSED_VARIABLE = YES;
				IPHONEOS_DEPLOYMENT_TARGET = 14.0;
				MTL_ENABLE_DEBUG_INFO = NO;
				MTL_FAST_MATH = YES;
				SDKROOT = iphoneos;
				SWIFT_COMPILATION_MODE = wholemodule;
				SWIFT_OPTIMIZATION_LEVEL = "-O";
				VALIDATE_PRODUCT = YES;
			};
			name = Release;
		};
		261A73BA28D1FBD40099F37D /* Debug */ = {
			isa = XCBuildConfiguration;
			buildSettings = {
				ASSETCATALOG_COMPILER_APPICON_NAME = AppIcon;
				ASSETCATALOG_COMPILER_GLOBAL_ACCENT_COLOR_NAME = AccentColor;
				CODE_SIGN_STYLE = Automatic;
				CURRENT_PROJECT_VERSION = 1;
				GENERATE_INFOPLIST_FILE = YES;
				INFOPLIST_FILE = AdX/Info.plist;
				INFOPLIST_KEY_UIApplicationSupportsIndirectInputEvents = YES;
				INFOPLIST_KEY_UILaunchStoryboardName = LaunchScreen;
				INFOPLIST_KEY_UISupportedInterfaceOrientations_iPad = "UIInterfaceOrientationPortrait UIInterfaceOrientationPortraitUpsideDown UIInterfaceOrientationLandscapeLeft UIInterfaceOrientationLandscapeRight";
				INFOPLIST_KEY_UISupportedInterfaceOrientations_iPhone = "UIInterfaceOrientationPortrait UIInterfaceOrientationLandscapeLeft UIInterfaceOrientationLandscapeRight";
				LD_RUNPATH_SEARCH_PATHS = (
					"$(inherited)",
					"@executable_path/Frameworks",
				);
				MARKETING_VERSION = 1.0;
				PRODUCT_BUNDLE_IDENTIFIER = com.creativegames.AdX;
				PRODUCT_NAME = "$(TARGET_NAME)";
				SWIFT_EMIT_LOC_STRINGS = YES;
				SWIFT_VERSION = 5.0;
				TARGETED_DEVICE_FAMILY = "1,2";
			};
			name = Debug;
		};
		261A73BB28D1FBD40099F37D /* Release */ = {
			isa = XCBuildConfiguration;
			buildSettings = {
				ASSETCATALOG_COMPILER_APPICON_NAME = AppIcon;
				ASSETCATALOG_COMPILER_GLOBAL_ACCENT_COLOR_NAME = AccentColor;
				CODE_SIGN_STYLE = Automatic;
				CURRENT_PROJECT_VERSION = 1;
				GENERATE_INFOPLIST_FILE = YES;
				INFOPLIST_FILE = AdX/Info.plist;
				INFOPLIST_KEY_UIApplicationSupportsIndirectInputEvents = YES;
				INFOPLIST_KEY_UILaunchStoryboardName = LaunchScreen;
				INFOPLIST_KEY_UISupportedInterfaceOrientations_iPad = "UIInterfaceOrientationPortrait UIInterfaceOrientationPortraitUpsideDown UIInterfaceOrientationLandscapeLeft UIInterfaceOrientationLandscapeRight";
				INFOPLIST_KEY_UISupportedInterfaceOrientations_iPhone = "UIInterfaceOrientationPortrait UIInterfaceOrientationLandscapeLeft UIInterfaceOrientationLandscapeRight";
				LD_RUNPATH_SEARCH_PATHS = (
					"$(inherited)",
					"@executable_path/Frameworks",
				);
				MARKETING_VERSION = 1.0;
				PRODUCT_BUNDLE_IDENTIFIER = com.creativegames.AdX;
				PRODUCT_NAME = "$(TARGET_NAME)";
				SWIFT_EMIT_LOC_STRINGS = YES;
				SWIFT_VERSION = 5.0;
				TARGETED_DEVICE_FAMILY = "1,2";
			};
			name = Release;
		};
		261A73BD28D1FBD40099F37D /* Debug */ = {
			isa = XCBuildConfiguration;
			buildSettings = {
				ALWAYS_EMBED_SWIFT_STANDARD_LIBRARIES = YES;
				CODE_SIGN_STYLE = Automatic;
				CURRENT_PROJECT_VERSION = 1;
				GENERATE_INFOPLIST_FILE = YES;
				IPHONEOS_DEPLOYMENT_TARGET = 15.5;
				MARKETING_VERSION = 1.0;
				PRODUCT_BUNDLE_IDENTIFIER = com.creativegames.AdXTests;
				PRODUCT_NAME = "$(TARGET_NAME)";
				SWIFT_EMIT_LOC_STRINGS = NO;
				SWIFT_VERSION = 5.0;
				TARGETED_DEVICE_FAMILY = "1,2";
				TEST_HOST = "$(BUILT_PRODUCTS_DIR)/AdX.app/AdX";
			};
			name = Debug;
		};
		261A73BE28D1FBD40099F37D /* Release */ = {
			isa = XCBuildConfiguration;
			buildSettings = {
				ALWAYS_EMBED_SWIFT_STANDARD_LIBRARIES = YES;
				CODE_SIGN_STYLE = Automatic;
				CURRENT_PROJECT_VERSION = 1;
				GENERATE_INFOPLIST_FILE = YES;
				IPHONEOS_DEPLOYMENT_TARGET = 15.5;
				MARKETING_VERSION = 1.0;
				PRODUCT_BUNDLE_IDENTIFIER = com.creativegames.AdXTests;
				PRODUCT_NAME = "$(TARGET_NAME)";
				SWIFT_EMIT_LOC_STRINGS = NO;
				SWIFT_VERSION = 5.0;
				TARGETED_DEVICE_FAMILY = "1,2";
				TEST_HOST = "$(BUILT_PRODUCTS_DIR)/AdX.app/AdX";
			};
			name = Release;
		};
/* End XCBuildConfiguration section */

/* Begin XCConfigurationList section */
		261A738A28D1FBD20099F37D /* Build configuration list for PBXProject "AdX" */ = {
			isa = XCConfigurationList;
			buildConfigurations = (
				261A73B728D1FBD40099F37D /* Debug */,
				261A73B828D1FBD40099F37D /* Release */,
			);
			defaultConfigurationIsVisible = 0;
			defaultConfigurationName = Release;
		};
		261A73B928D1FBD40099F37D /* Build configuration list for PBXNativeTarget "AdX" */ = {
			isa = XCConfigurationList;
			buildConfigurations = (
				261A73BA28D1FBD40099F37D /* Debug */,
				261A73BB28D1FBD40099F37D /* Release */,
			);
			defaultConfigurationIsVisible = 0;
			defaultConfigurationName = Release;
		};
		261A73BC28D1FBD40099F37D /* Build configuration list for PBXNativeTarget "AdXTests" */ = {
			isa = XCConfigurationList;
			buildConfigurations = (
				261A73BD28D1FBD40099F37D /* Debug */,
				261A73BE28D1FBD40099F37D /* Release */,
			);
			defaultConfigurationIsVisible = 0;
			defaultConfigurationName = Release;
		};
/* End XCConfigurationList section */
	};
	rootObject = 261A738728D1FBD20099F37D /* Project object */;
}
